
Microsoft Visual Studio Solution File, Format Version 12.00
# Visual Studio Version 16
VisualStudioVersion = 16.0.31005.135
MinimumVisualStudioVersion = 10.0.40219.1
Project("{9A19103F-16F7-4668-BE54-9A1E7A4F7556}") = "MetalWeightCalculator", "src\MetalWeightCalculator\MetalWeightCalculator.csproj", "{9364E5C9-A44D-4548-9B6E-72E265F102E1}"
EndProject
Project("{9A19103F-16F7-4668-BE54-9A1E7A4F7556}") = "MetalWeightCalculator.UnitTests", "test\MetalWeightCalculator.UnitTests\MetalWeightCalculator.UnitTests.csproj", "{ECFFDC06-EC46-4443-9856-1135D66C98A5}"
EndProject
Project("{2150E333-8FDC-42A3-9474-1A3956D46DE8}") = "Solution Items", "Solution Items", "{A958B312-5AEB-4FAC-8A86-7D9FA9180653}"
	ProjectSection(SolutionItems) = preProject
		.editorconfig = .editorconfig
	EndProjectSection
EndProject
Global
	GlobalSection(SolutionConfigurationPlatforms) = preSolution
		Debug|Any CPU = Debug|Any CPU
		Release|Any CPU = Release|Any CPU
	EndGlobalSection
	GlobalSection(ProjectConfigurationPlatforms) = postSolution
		{9364E5C9-A44D-4548-9B6E-72E265F102E1}.Debug|Any CPU.ActiveCfg = Debug|Any CPU
		{9364E5C9-A44D-4548-9B6E-72E265F102E1}.Debug|Any CPU.Build.0 = Debug|Any CPU
		{9364E5C9-A44D-4548-9B6E-72E265F102E1}.Release|Any CPU.ActiveCfg = Release|Any CPU
		{9364E5C9-A44D-4548-9B6E-72E265F102E1}.Release|Any CPU.Build.0 = Release|Any CPU
		{ECFFDC06-EC46-4443-9856-1135D66C98A5}.Debug|Any CPU.ActiveCfg = Debug|Any CPU
		{ECFFDC06-EC46-4443-9856-1135D66C98A5}.Debug|Any CPU.Build.0 = Debug|Any CPU
		{ECFFDC06-EC46-4443-9856-1135D66C98A5}.Release|Any CPU.ActiveCfg = Release|Any CPU
		{ECFFDC06-EC46-4443-9856-1135D66C98A5}.Release|Any CPU.Build.0 = Release|Any CPU
	EndGlobalSection
	GlobalSection(SolutionProperties) = preSolution
		HideSolutionNode = FALSE
	EndGlobalSection
	GlobalSection(ExtensibilityGlobals) = postSolution
		SolutionGuid = {212BE704-7DCD-4DD7-88A5-B296C67C2CA5}
	EndGlobalSection
EndGlobal
